
Microsoft Visual Studio Solution File, Format Version 12.00
# Visual Studio 15
VisualStudioVersion = 15.0.27428.2015
MinimumVisualStudioVersion = 10.0.40219.1
Project("{FAE04EC0-301F-11D3-BF4B-00C04F79EFBC}") = "ConsoleA", "ConsoleA\ConsoleA.csproj", "{A61E8B3B-3028-4B31-AA27-660E8245BEEA}"
EndProject
Global
	GlobalSection(SolutionConfigurationPlatforms) = preSolution
		Debug|Any CPU = Debug|Any CPU
		Release|Any CPU = Release|Any CPU
	EndGlobalSection
	GlobalSection(ProjectConfigurationPlatforms) = postSolution
		{A61E8B3B-3028-4B31-AA27-660E8245BEEA}.Debug|Any CPU.ActiveCfg = Debug|Any CPU
		{A61E8B3B-3028-4B31-AA27-660E8245BEEA}.Debug|Any CPU.Build.0 = Debug|Any CPU
		{A61E8B3B-3028-4B31-AA27-660E8245BEEA}.Release|Any CPU.ActiveCfg = Release|Any CPU
		{A61E8B3B-3028-4B31-AA27-660E8245BEEA}.Release|Any CPU.Build.0 = Release|Any CPU
	EndGlobalSection
	GlobalSection(SolutionProperties) = preSolution
		HideSolutionNode = FALSE
	EndGlobalSection
	GlobalSection(ExtensibilityGlobals) = postSolution
		SolutionGuid = {3164B9E7-FE78-4C2A-B113-EAE64B773AAD}
	EndGlobalSection
EndGlobal
